// !$*UTF8*$!
{
	archiveVersion = 1;
	classes = {
	};
	objectVersion = 46;
	objects = {

/* Begin PBXBuildFile section */
		9FDC44A418BDDE1000CE2D46 /* Foundation.framework in Frameworks */ = {isa = PBXBuildFile; fileRef = 9FDC44A318BDDE1000CE2D46 /* Foundation.framework */; };
		9FDC44A618BDDE1000CE2D46 /* CoreGraphics.framework in Frameworks */ = {isa = PBXBuildFile; fileRef = 9FDC44A518BDDE1000CE2D46 /* CoreGraphics.framework */; };
		9FDC44A818BDDE1000CE2D46 /* UIKit.framework in Frameworks */ = {isa = PBXBuildFile; fileRef = 9FDC44A718BDDE1000CE2D46 /* UIKit.framework */; };
		9FDC44AE18BDDE1000CE2D46 /* InfoPlist.strings in Resources */ = {isa = PBXBuildFile; fileRef = 9FDC44AC18BDDE1000CE2D46 /* InfoPlist.strings */; };
		9FDC44B018BDDE1000CE2D46 /* main.m in Sources */ = {isa = PBXBuildFile; fileRef = 9FDC44AF18BDDE1000CE2D46 /* main.m */; };
		9FDC44B418BDDE1000CE2D46 /* AppDelegate.m in Sources */ = {isa = PBXBuildFile; fileRef = 9FDC44B318BDDE1000CE2D46 /* AppDelegate.m */; };
		9FDC44BC18BDDE1000CE2D46 /* Images.xcassets in Resources */ = {isa = PBXBuildFile; fileRef = 9FDC44BB18BDDE1000CE2D46 /* Images.xcassets */; };
		9FDC44C318BDDE1000CE2D46 /* XCTest.framework in Frameworks */ = {isa = PBXBuildFile; fileRef = 9FDC44C218BDDE1000CE2D46 /* XCTest.framework */; };
		9FDC44C418BDDE1000CE2D46 /* Foundation.framework in Frameworks */ = {isa = PBXBuildFile; fileRef = 9FDC44A318BDDE1000CE2D46 /* Foundation.framework */; };
		9FDC44C518BDDE1000CE2D46 /* UIKit.framework in Frameworks */ = {isa = PBXBuildFile; fileRef = 9FDC44A718BDDE1000CE2D46 /* UIKit.framework */; };
		9FDC44CD18BDDE1000CE2D46 /* InfoPlist.strings in Resources */ = {isa = PBXBuildFile; fileRef = 9FDC44CB18BDDE1000CE2D46 /* InfoPlist.strings */; };
		9FDC44CF18BDDE1000CE2D46 /* StoreSearchTests.m in Sources */ = {isa = PBXBuildFile; fileRef = 9FDC44CE18BDDE1000CE2D46 /* StoreSearchTests.m */; };
		9FDC44DB18BE1A9900CE2D46 /* SearchViewController.m in Sources */ = {isa = PBXBuildFile; fileRef = 9FDC44D918BE1A9900CE2D46 /* SearchViewController.m */; };
		9FDC44DC18BE1A9900CE2D46 /* SearchViewController.xib in Resources */ = {isa = PBXBuildFile; fileRef = 9FDC44DA18BE1A9900CE2D46 /* SearchViewController.xib */; };
		9FDC44E818BE2DA900CE2D46 /* CloseButton.png in Resources */ = {isa = PBXBuildFile; fileRef = 9FDC44DE18BE2DA900CE2D46 /* CloseButton.png */; };
		9FDC44E918BE2DA900CE2D46 /* CloseButton@2x.png in Resources */ = {isa = PBXBuildFile; fileRef = 9FDC44DF18BE2DA900CE2D46 /* CloseButton@2x.png */; };
		9FDC44EA18BE2DA900CE2D46 /* LandscapeBackground.png in Resources */ = {isa = PBXBuildFile; fileRef = 9FDC44E018BE2DA900CE2D46 /* LandscapeBackground.png */; };
		9FDC44EB18BE2DA900CE2D46 /* LandscapeBackground@2x.png in Resources */ = {isa = PBXBuildFile; fileRef = 9FDC44E118BE2DA900CE2D46 /* LandscapeBackground@2x.png */; };
		9FDC44EC18BE2DA900CE2D46 /* LandscapeButton.png in Resources */ = {isa = PBXBuildFile; fileRef = 9FDC44E218BE2DA900CE2D46 /* LandscapeButton.png */; };
		9FDC44ED18BE2DA900CE2D46 /* LandscapeButton@2x.png in Resources */ = {isa = PBXBuildFile; fileRef = 9FDC44E318BE2DA900CE2D46 /* LandscapeButton@2x.png */; };
		9FDC44EE18BE2DA900CE2D46 /* Placeholder.png in Resources */ = {isa = PBXBuildFile; fileRef = 9FDC44E418BE2DA900CE2D46 /* Placeholder.png */; };
		9FDC44EF18BE2DA900CE2D46 /* Placeholder@2x.png in Resources */ = {isa = PBXBuildFile; fileRef = 9FDC44E518BE2DA900CE2D46 /* Placeholder@2x.png */; };
		9FDC44F018BE2DA900CE2D46 /* PriceButton.png in Resources */ = {isa = PBXBuildFile; fileRef = 9FDC44E618BE2DA900CE2D46 /* PriceButton.png */; };
		9FDC44F118BE2DA900CE2D46 /* PriceButton@2x.png in Resources */ = {isa = PBXBuildFile; fileRef = 9FDC44E718BE2DA900CE2D46 /* PriceButton@2x.png */; };
		9FDC44F318BE2E0200CE2D46 /* SearchResultCell.xib in Resources */ = {isa = PBXBuildFile; fileRef = 9FDC44F218BE2E0200CE2D46 /* SearchResultCell.xib */; };
		9FDC44F618BE360000CE2D46 /* SearchResultCell.m in Sources */ = {isa = PBXBuildFile; fileRef = 9FDC44F518BE360000CE2D46 /* SearchResultCell.m */; };
		9FDC44F918BE3BDE00CE2D46 /* SearchResult.m in Sources */ = {isa = PBXBuildFile; fileRef = 9FDC44F818BE3BDE00CE2D46 /* SearchResult.m */; };
		9FDC450218BEEF3900CE2D46 /* Icon-120.png in Resources */ = {isa = PBXBuildFile; fileRef = 9FDC44FB18BEEF3900CE2D46 /* Icon-120.png */; };
		9FDC450318BEEF3900CE2D46 /* Icon-152.png in Resources */ = {isa = PBXBuildFile; fileRef = 9FDC44FC18BEEF3900CE2D46 /* Icon-152.png */; };
		9FDC450418BEEF3900CE2D46 /* Icon-29.png in Resources */ = {isa = PBXBuildFile; fileRef = 9FDC44FD18BEEF3900CE2D46 /* Icon-29.png */; };
		9FDC450518BEEF3900CE2D46 /* Icon-40.png in Resources */ = {isa = PBXBuildFile; fileRef = 9FDC44FE18BEEF3900CE2D46 /* Icon-40.png */; };
		9FDC450618BEEF3900CE2D46 /* Icon-58.png in Resources */ = {isa = PBXBuildFile; fileRef = 9FDC44FF18BEEF3900CE2D46 /* Icon-58.png */; };
		9FDC450718BEEF3900CE2D46 /* Icon-76.png in Resources */ = {isa = PBXBuildFile; fileRef = 9FDC450018BEEF3900CE2D46 /* Icon-76.png */; };
		9FDC450818BEEF3900CE2D46 /* Icon-80.png in Resources */ = {isa = PBXBuildFile; fileRef = 9FDC450118BEEF3900CE2D46 /* Icon-80.png */; };
/* End PBXBuildFile section */

/* Begin PBXContainerItemProxy section */
		9FDC44C618BDDE1000CE2D46 /* PBXContainerItemProxy */ = {
			isa = PBXContainerItemProxy;
			containerPortal = 9FDC449818BDDE0F00CE2D46 /* Project object */;
			proxyType = 1;
			remoteGlobalIDString = 9FDC449F18BDDE0F00CE2D46;
			remoteInfo = StoreSearch;
		};
/* End PBXContainerItemProxy section */

/* Begin PBXFileReference section */
		9FDC44A018BDDE1000CE2D46 /* StoreSearch.app */ = {isa = PBXFileReference; explicitFileType = wrapper.application; includeInIndex = 0; path = StoreSearch.app; sourceTree = BUILT_PRODUCTS_DIR; };
		9FDC44A318BDDE1000CE2D46 /* Foundation.framework */ = {isa = PBXFileReference; lastKnownFileType = wrapper.framework; name = Foundation.framework; path = System/Library/Frameworks/Foundation.framework; sourceTree = SDKROOT; };
		9FDC44A518BDDE1000CE2D46 /* CoreGraphics.framework */ = {isa = PBXFileReference; lastKnownFileType = wrapper.framework; name = CoreGraphics.framework; path = System/Library/Frameworks/CoreGraphics.framework; sourceTree = SDKROOT; };
		9FDC44A718BDDE1000CE2D46 /* UIKit.framework */ = {isa = PBXFileReference; lastKnownFileType = wrapper.framework; name = UIKit.framework; path = System/Library/Frameworks/UIKit.framework; sourceTree = SDKROOT; };
		9FDC44AB18BDDE1000CE2D46 /* StoreSearch-Info.plist */ = {isa = PBXFileReference; lastKnownFileType = text.plist.xml; path = "StoreSearch-Info.plist"; sourceTree = "<group>"; };
		9FDC44AD18BDDE1000CE2D46 /* en */ = {isa = PBXFileReference; lastKnownFileType = text.plist.strings; name = en; path = en.lproj/InfoPlist.strings; sourceTree = "<group>"; };
		9FDC44AF18BDDE1000CE2D46 /* main.m */ = {isa = PBXFileReference; lastKnownFileType = sourcecode.c.objc; path = main.m; sourceTree = "<group>"; };
		9FDC44B118BDDE1000CE2D46 /* StoreSearch-Prefix.pch */ = {isa = PBXFileReference; lastKnownFileType = sourcecode.c.h; path = "StoreSearch-Prefix.pch"; sourceTree = "<group>"; };
		9FDC44B218BDDE1000CE2D46 /* AppDelegate.h */ = {isa = PBXFileReference; lastKnownFileType = sourcecode.c.h; path = AppDelegate.h; sourceTree = "<group>"; };
		9FDC44B318BDDE1000CE2D46 /* AppDelegate.m */ = {isa = PBXFileReference; lastKnownFileType = sourcecode.c.objc; path = AppDelegate.m; sourceTree = "<group>"; };
		9FDC44BB18BDDE1000CE2D46 /* Images.xcassets */ = {isa = PBXFileReference; lastKnownFileType = folder.assetcatalog; path = Images.xcassets; sourceTree = "<group>"; };
		9FDC44C118BDDE1000CE2D46 /* StoreSearchTests.xctest */ = {isa = PBXFileReference; explicitFileType = wrapper.cfbundle; includeInIndex = 0; path = StoreSearchTests.xctest; sourceTree = BUILT_PRODUCTS_DIR; };
		9FDC44C218BDDE1000CE2D46 /* XCTest.framework */ = {isa = PBXFileReference; lastKnownFileType = wrapper.framework; name = XCTest.framework; path = Library/Frameworks/XCTest.framework; sourceTree = DEVELOPER_DIR; };
		9FDC44CA18BDDE1000CE2D46 /* StoreSearchTests-Info.plist */ = {isa = PBXFileReference; lastKnownFileType = text.plist.xml; path = "StoreSearchTests-Info.plist"; sourceTree = "<group>"; };
		9FDC44CC18BDDE1000CE2D46 /* en */ = {isa = PBXFileReference; lastKnownFileType = text.plist.strings; name = en; path = en.lproj/InfoPlist.strings; sourceTree = "<group>"; };
		9FDC44CE18BDDE1000CE2D46 /* StoreSearchTests.m */ = {isa = PBXFileReference; lastKnownFileType = sourcecode.c.objc; path = StoreSearchTests.m; sourceTree = "<group>"; };
		9FDC44D818BE1A9900CE2D46 /* SearchViewController.h */ = {isa = PBXFileReference; fileEncoding = 4; lastKnownFileType = sourcecode.c.h; path = SearchViewController.h; sourceTree = "<group>"; };
		9FDC44D918BE1A9900CE2D46 /* SearchViewController.m */ = {isa = PBXFileReference; fileEncoding = 4; lastKnownFileType = sourcecode.c.objc; path = SearchViewController.m; sourceTree = "<group>"; };
		9FDC44DA18BE1A9900CE2D46 /* SearchViewController.xib */ = {isa = PBXFileReference; fileEncoding = 4; lastKnownFileType = file.xib; path = SearchViewController.xib; sourceTree = "<group>"; };
		9FDC44DE18BE2DA900CE2D46 /* CloseButton.png */ = {isa = PBXFileReference; lastKnownFileType = image.png; path = CloseButton.png; sourceTree = "<group>"; };
		9FDC44DF18BE2DA900CE2D46 /* CloseButton@2x.png */ = {isa = PBXFileReference; lastKnownFileType = image.png; path = "CloseButton@2x.png"; sourceTree = "<group>"; };
		9FDC44E018BE2DA900CE2D46 /* LandscapeBackground.png */ = {isa = PBXFileReference; lastKnownFileType = image.png; path = LandscapeBackground.png; sourceTree = "<group>"; };
		9FDC44E118BE2DA900CE2D46 /* LandscapeBackground@2x.png */ = {isa = PBXFileReference; lastKnownFileType = image.png; path = "LandscapeBackground@2x.png"; sourceTree = "<group>"; };
		9FDC44E218BE2DA900CE2D46 /* LandscapeButton.png */ = {isa = PBXFileReference; lastKnownFileType = image.png; path = LandscapeButton.png; sourceTree = "<group>"; };
		9FDC44E318BE2DA900CE2D46 /* LandscapeButton@2x.png */ = {isa = PBXFileReference; lastKnownFileType = image.png; path = "LandscapeButton@2x.png"; sourceTree = "<group>"; };
		9FDC44E418BE2DA900CE2D46 /* Placeholder.png */ = {isa = PBXFileReference; lastKnownFileType = image.png; path = Placeholder.png; sourceTree = "<group>"; };
		9FDC44E518BE2DA900CE2D46 /* Placeholder@2x.png */ = {isa = PBXFileReference; lastKnownFileType = image.png; path = "Placeholder@2x.png"; sourceTree = "<group>"; };
		9FDC44E618BE2DA900CE2D46 /* PriceButton.png */ = {isa = PBXFileReference; lastKnownFileType = image.png; path = PriceButton.png; sourceTree = "<group>"; };
		9FDC44E718BE2DA900CE2D46 /* PriceButton@2x.png */ = {isa = PBXFileReference; lastKnownFileType = image.png; path = "PriceButton@2x.png"; sourceTree = "<group>"; };
		9FDC44F218BE2E0200CE2D46 /* SearchResultCell.xib */ = {isa = PBXFileReference; fileEncoding = 4; lastKnownFileType = file.xib; path = SearchResultCell.xib; sourceTree = "<group>"; };
		9FDC44F418BE360000CE2D46 /* SearchResultCell.h */ = {isa = PBXFileReference; fileEncoding = 4; lastKnownFileType = sourcecode.c.h; path = SearchResultCell.h; sourceTree = "<group>"; };
		9FDC44F518BE360000CE2D46 /* SearchResultCell.m */ = {isa = PBXFileReference; fileEncoding = 4; lastKnownFileType = sourcecode.c.objc; path = SearchResultCell.m; sourceTree = "<group>"; };
		9FDC44F718BE3BDE00CE2D46 /* SearchResult.h */ = {isa = PBXFileReference; fileEncoding = 4; lastKnownFileType = sourcecode.c.h; path = SearchResult.h; sourceTree = "<group>"; };
		9FDC44F818BE3BDE00CE2D46 /* SearchResult.m */ = {isa = PBXFileReference; fileEncoding = 4; lastKnownFileType = sourcecode.c.objc; path = SearchResult.m; sourceTree = "<group>"; };
		9FDC44FB18BEEF3900CE2D46 /* Icon-120.png */ = {isa = PBXFileReference; lastKnownFileType = image.png; path = "Icon-120.png"; sourceTree = "<group>"; };
		9FDC44FC18BEEF3900CE2D46 /* Icon-152.png */ = {isa = PBXFileReference; lastKnownFileType = image.png; path = "Icon-152.png"; sourceTree = "<group>"; };
		9FDC44FD18BEEF3900CE2D46 /* Icon-29.png */ = {isa = PBXFileReference; lastKnownFileType = image.png; path = "Icon-29.png"; sourceTree = "<group>"; };
		9FDC44FE18BEEF3900CE2D46 /* Icon-40.png */ = {isa = PBXFileReference; lastKnownFileType = image.png; path = "Icon-40.png"; sourceTree = "<group>"; };
		9FDC44FF18BEEF3900CE2D46 /* Icon-58.png */ = {isa = PBXFileReference; lastKnownFileType = image.png; path = "Icon-58.png"; sourceTree = "<group>"; };
		9FDC450018BEEF3900CE2D46 /* Icon-76.png */ = {isa = PBXFileReference; lastKnownFileType = image.png; path = "Icon-76.png"; sourceTree = "<group>"; };
		9FDC450118BEEF3900CE2D46 /* Icon-80.png */ = {isa = PBXFileReference; lastKnownFileType = image.png; path = "Icon-80.png"; sourceTree = "<group>"; };
/* End PBXFileReference section */

/* Begin PBXFrameworksBuildPhase section */
		9FDC449D18BDDE0F00CE2D46 /* Frameworks */ = {
			isa = PBXFrameworksBuildPhase;
			buildActionMask = 2147483647;
			files = (
				9FDC44A618BDDE1000CE2D46 /* CoreGraphics.framework in Frameworks */,
				9FDC44A818BDDE1000CE2D46 /* UIKit.framework in Frameworks */,
				9FDC44A418BDDE1000CE2D46 /* Foundation.framework in Frameworks */,
			);
			runOnlyForDeploymentPostprocessing = 0;
		};
		9FDC44BE18BDDE1000CE2D46 /* Frameworks */ = {
			isa = PBXFrameworksBuildPhase;
			buildActionMask = 2147483647;
			files = (
				9FDC44C318BDDE1000CE2D46 /* XCTest.framework in Frameworks */,
				9FDC44C518BDDE1000CE2D46 /* UIKit.framework in Frameworks */,
				9FDC44C418BDDE1000CE2D46 /* Foundation.framework in Frameworks */,
			);
			runOnlyForDeploymentPostprocessing = 0;
		};
/* End PBXFrameworksBuildPhase section */

/* Begin PBXGroup section */
		9FDC449718BDDE0F00CE2D46 = {
			isa = PBXGroup;
			children = (
				9FDC44A918BDDE1000CE2D46 /* StoreSearch */,
				9FDC44C818BDDE1000CE2D46 /* StoreSearchTests */,
				9FDC44A218BDDE1000CE2D46 /* Frameworks */,
				9FDC44A118BDDE1000CE2D46 /* Products */,
			);
			sourceTree = "<group>";
		};
		9FDC44A118BDDE1000CE2D46 /* Products */ = {
			isa = PBXGroup;
			children = (
				9FDC44A018BDDE1000CE2D46 /* StoreSearch.app */,
				9FDC44C118BDDE1000CE2D46 /* StoreSearchTests.xctest */,
			);
			name = Products;
			sourceTree = "<group>";
		};
		9FDC44A218BDDE1000CE2D46 /* Frameworks */ = {
			isa = PBXGroup;
			children = (
				9FDC44A318BDDE1000CE2D46 /* Foundation.framework */,
				9FDC44A518BDDE1000CE2D46 /* CoreGraphics.framework */,
				9FDC44A718BDDE1000CE2D46 /* UIKit.framework */,
				9FDC44C218BDDE1000CE2D46 /* XCTest.framework */,
			);
			name = Frameworks;
			sourceTree = "<group>";
		};
		9FDC44A918BDDE1000CE2D46 /* StoreSearch */ = {
			isa = PBXGroup;
			children = (
				9FDC44B218BDDE1000CE2D46 /* AppDelegate.h */,
				9FDC44B318BDDE1000CE2D46 /* AppDelegate.m */,
				9FDC44BB18BDDE1000CE2D46 /* Images.xcassets */,
				9FDC44FA18BEEF3900CE2D46 /* Icon */,
				9FDC44DD18BE2DA900CE2D46 /* Images */,
				9FDC44AA18BDDE1000CE2D46 /* Supporting Files */,
				9FDC44D818BE1A9900CE2D46 /* SearchViewController.h */,
				9FDC44D918BE1A9900CE2D46 /* SearchViewController.m */,
				9FDC44F218BE2E0200CE2D46 /* SearchResultCell.xib */,
				9FDC44DA18BE1A9900CE2D46 /* SearchViewController.xib */,
				9FDC44F418BE360000CE2D46 /* SearchResultCell.h */,
				9FDC44F518BE360000CE2D46 /* SearchResultCell.m */,
				9FDC44F718BE3BDE00CE2D46 /* SearchResult.h */,
				9FDC44F818BE3BDE00CE2D46 /* SearchResult.m */,
			);
			path = StoreSearch;
			sourceTree = "<group>";
		};
		9FDC44AA18BDDE1000CE2D46 /* Supporting Files */ = {
			isa = PBXGroup;
			children = (
				9FDC44AB18BDDE1000CE2D46 /* StoreSearch-Info.plist */,
				9FDC44AC18BDDE1000CE2D46 /* InfoPlist.strings */,
				9FDC44AF18BDDE1000CE2D46 /* main.m */,
				9FDC44B118BDDE1000CE2D46 /* StoreSearch-Prefix.pch */,
			);
			name = "Supporting Files";
			sourceTree = "<group>";
		};
		9FDC44C818BDDE1000CE2D46 /* StoreSearchTests */ = {
			isa = PBXGroup;
			children = (
				9FDC44CE18BDDE1000CE2D46 /* StoreSearchTests.m */,
				9FDC44C918BDDE1000CE2D46 /* Supporting Files */,
			);
			path = StoreSearchTests;
			sourceTree = "<group>";
		};
		9FDC44C918BDDE1000CE2D46 /* Supporting Files */ = {
			isa = PBXGroup;
			children = (
				9FDC44CA18BDDE1000CE2D46 /* StoreSearchTests-Info.plist */,
				9FDC44CB18BDDE1000CE2D46 /* InfoPlist.strings */,
			);
			name = "Supporting Files";
			sourceTree = "<group>";
		};
		9FDC44DD18BE2DA900CE2D46 /* Images */ = {
			isa = PBXGroup;
			children = (
				9FDC44DE18BE2DA900CE2D46 /* CloseButton.png */,
				9FDC44DF18BE2DA900CE2D46 /* CloseButton@2x.png */,
				9FDC44E018BE2DA900CE2D46 /* LandscapeBackground.png */,
				9FDC44E118BE2DA900CE2D46 /* LandscapeBackground@2x.png */,
				9FDC44E218BE2DA900CE2D46 /* LandscapeButton.png */,
				9FDC44E318BE2DA900CE2D46 /* LandscapeButton@2x.png */,
				9FDC44E418BE2DA900CE2D46 /* Placeholder.png */,
				9FDC44E518BE2DA900CE2D46 /* Placeholder@2x.png */,
				9FDC44E618BE2DA900CE2D46 /* PriceButton.png */,
				9FDC44E718BE2DA900CE2D46 /* PriceButton@2x.png */,
			);
			name = Images;
			path = "../../../Books/The iOS Apprentice 4 - StoreSearch/Resources/Images";
			sourceTree = "<group>";
		};
		9FDC44FA18BEEF3900CE2D46 /* Icon */ = {
			isa = PBXGroup;
			children = (
				9FDC44FB18BEEF3900CE2D46 /* Icon-120.png */,
				9FDC44FC18BEEF3900CE2D46 /* Icon-152.png */,
				9FDC44FE18BEEF3900CE2D46 /* Icon-40.png */,
				9FDC44FD18BEEF3900CE2D46 /* Icon-29.png */,
				9FDC44FF18BEEF3900CE2D46 /* Icon-58.png */,
				9FDC450018BEEF3900CE2D46 /* Icon-76.png */,
				9FDC450118BEEF3900CE2D46 /* Icon-80.png */,
			);
			name = Icon;
			path = "../../../Books/The iOS Apprentice 4 - StoreSearch/Resources/Icon";
			sourceTree = "<group>";
		};
/* End PBXGroup section */

/* Begin PBXNativeTarget section */
		9FDC449F18BDDE0F00CE2D46 /* StoreSearch */ = {
			isa = PBXNativeTarget;
			buildConfigurationList = 9FDC44D218BDDE1000CE2D46 /* Build configuration list for PBXNativeTarget "StoreSearch" */;
			buildPhases = (
				9FDC449C18BDDE0F00CE2D46 /* Sources */,
				9FDC449D18BDDE0F00CE2D46 /* Frameworks */,
				9FDC449E18BDDE0F00CE2D46 /* Resources */,
			);
			buildRules = (
			);
			dependencies = (
			);
			name = StoreSearch;
			productName = StoreSearch;
			productReference = 9FDC44A018BDDE1000CE2D46 /* StoreSearch.app */;
			productType = "com.apple.product-type.application";
		};
		9FDC44C018BDDE1000CE2D46 /* StoreSearchTests */ = {
			isa = PBXNativeTarget;
			buildConfigurationList = 9FDC44D518BDDE1000CE2D46 /* Build configuration list for PBXNativeTarget "StoreSearchTests" */;
			buildPhases = (
				9FDC44BD18BDDE1000CE2D46 /* Sources */,
				9FDC44BE18BDDE1000CE2D46 /* Frameworks */,
				9FDC44BF18BDDE1000CE2D46 /* Resources */,
			);
			buildRules = (
			);
			dependencies = (
				9FDC44C718BDDE1000CE2D46 /* PBXTargetDependency */,
			);
			name = StoreSearchTests;
			productName = StoreSearchTests;
			productReference = 9FDC44C118BDDE1000CE2D46 /* StoreSearchTests.xctest */;
			productType = "com.apple.product-type.bundle.unit-test";
		};
/* End PBXNativeTarget section */

/* Begin PBXProject section */
		9FDC449818BDDE0F00CE2D46 /* Project object */ = {
			isa = PBXProject;
			attributes = {
				LastUpgradeCheck = 0500;
				ORGANIZATIONNAME = "ted zhang";
				TargetAttributes = {
					9FDC44C018BDDE1000CE2D46 = {
						TestTargetID = 9FDC449F18BDDE0F00CE2D46;
					};
				};
			};
			buildConfigurationList = 9FDC449B18BDDE0F00CE2D46 /* Build configuration list for PBXProject "StoreSearch" */;
			compatibilityVersion = "Xcode 3.2";
			developmentRegion = English;
			hasScannedForEncodings = 0;
			knownRegions = (
				en,
				Base,
			);
			mainGroup = 9FDC449718BDDE0F00CE2D46;
			productRefGroup = 9FDC44A118BDDE1000CE2D46 /* Products */;
			projectDirPath = "";
			projectRoot = "";
			targets = (
				9FDC449F18BDDE0F00CE2D46 /* StoreSearch */,
				9FDC44C018BDDE1000CE2D46 /* StoreSearchTests */,
			);
		};
/* End PBXProject section */

/* Begin PBXResourcesBuildPhase section */
		9FDC449E18BDDE0F00CE2D46 /* Resources */ = {
			isa = PBXResourcesBuildPhase;
			buildActionMask = 2147483647;
			files = (
				9FDC44EF18BE2DA900CE2D46 /* Placeholder@2x.png in Resources */,
				9FDC44F018BE2DA900CE2D46 /* PriceButton.png in Resources */,
				9FDC44E818BE2DA900CE2D46 /* CloseButton.png in Resources */,
				9FDC44EB18BE2DA900CE2D46 /* LandscapeBackground@2x.png in Resources */,
				9FDC44F118BE2DA900CE2D46 /* PriceButton@2x.png in Resources */,
				9FDC44ED18BE2DA900CE2D46 /* LandscapeButton@2x.png in Resources */,
				9FDC44F318BE2E0200CE2D46 /* SearchResultCell.xib in Resources */,
				9FDC450418BEEF3900CE2D46 /* Icon-29.png in Resources */,
				9FDC450518BEEF3900CE2D46 /* Icon-40.png in Resources */,
				9FDC44E918BE2DA900CE2D46 /* CloseButton@2x.png in Resources */,
				9FDC44BC18BDDE1000CE2D46 /* Images.xcassets in Resources */,
				9FDC44EE18BE2DA900CE2D46 /* Placeholder.png in Resources */,
				9FDC44AE18BDDE1000CE2D46 /* InfoPlist.strings in Resources */,
				9FDC44EC18BE2DA900CE2D46 /* LandscapeButton.png in Resources */,
				9FDC450818BEEF3900CE2D46 /* Icon-80.png in Resources */,
				9FDC44DC18BE1A9900CE2D46 /* SearchViewController.xib in Resources */,
				9FDC450318BEEF3900CE2D46 /* Icon-152.png in Resources */,
				9FDC450218BEEF3900CE2D46 /* Icon-120.png in Resources */,
				9FDC450718BEEF3900CE2D46 /* Icon-76.png in Resources */,
				9FDC450618BEEF3900CE2D46 /* Icon-58.png in Resources */,
				9FDC44EA18BE2DA900CE2D46 /* LandscapeBackground.png in Resources */,
			);
			runOnlyForDeploymentPostprocessing = 0;
		};
		9FDC44BF18BDDE1000CE2D46 /* Resources */ = {
			isa = PBXResourcesBuildPhase;
			buildActionMask = 2147483647;
			files = (
				9FDC44CD18BDDE1000CE2D46 /* InfoPlist.strings in Resources */,
			);
			runOnlyForDeploymentPostprocessing = 0;
		};
/* End PBXResourcesBuildPhase section */

/* Begin PBXSourcesBuildPhase section */
		9FDC449C18BDDE0F00CE2D46 /* Sources */ = {
			isa = PBXSourcesBuildPhase;
			buildActionMask = 2147483647;
			files = (
				9FDC44F918BE3BDE00CE2D46 /* SearchResult.m in Sources */,
				9FDC44B418BDDE1000CE2D46 /* AppDelegate.m in Sources */,
				9FDC44DB18BE1A9900CE2D46 /* SearchViewController.m in Sources */,
				9FDC44F618BE360000CE2D46 /* SearchResultCell.m in Sources */,
				9FDC44B018BDDE1000CE2D46 /* main.m in Sources */,
			);
			runOnlyForDeploymentPostprocessing = 0;
		};
		9FDC44BD18BDDE1000CE2D46 /* Sources */ = {
			isa = PBXSourcesBuildPhase;
			buildActionMask = 2147483647;
			files = (
				9FDC44CF18BDDE1000CE2D46 /* StoreSearchTests.m in Sources */,
			);
			runOnlyForDeploymentPostprocessing = 0;
		};
/* End PBXSourcesBuildPhase section */

/* Begin PBXTargetDependency section */
		9FDC44C718BDDE1000CE2D46 /* PBXTargetDependency */ = {
			isa = PBXTargetDependency;
			target = 9FDC449F18BDDE0F00CE2D46 /* StoreSearch */;
			targetProxy = 9FDC44C618BDDE1000CE2D46 /* PBXContainerItemProxy */;
		};
/* End PBXTargetDependency section */

/* Begin PBXVariantGroup section */
		9FDC44AC18BDDE1000CE2D46 /* InfoPlist.strings */ = {
			isa = PBXVariantGroup;
			children = (
				9FDC44AD18BDDE1000CE2D46 /* en */,
			);
			name = InfoPlist.strings;
			sourceTree = "<group>";
		};
		9FDC44CB18BDDE1000CE2D46 /* InfoPlist.strings */ = {
			isa = PBXVariantGroup;
			children = (
				9FDC44CC18BDDE1000CE2D46 /* en */,
			);
			name = InfoPlist.strings;
			sourceTree = "<group>";
		};
/* End PBXVariantGroup section */

/* Begin XCBuildConfiguration section */
		9FDC44D018BDDE1000CE2D46 /* Debug */ = {
			isa = XCBuildConfiguration;
			buildSettings = {
				ALWAYS_SEARCH_USER_PATHS = NO;
				ARCHS = "$(ARCHS_STANDARD_INCLUDING_64_BIT)";
				CLANG_CXX_LANGUAGE_STANDARD = "gnu++0x";
				CLANG_CXX_LIBRARY = "libc++";
				CLANG_ENABLE_MODULES = YES;
				CLANG_ENABLE_OBJC_ARC = YES;
				CLANG_WARN_BOOL_CONVERSION = YES;
				CLANG_WARN_CONSTANT_CONVERSION = YES;
				CLANG_WARN_DIRECT_OBJC_ISA_USAGE = YES_ERROR;
				CLANG_WARN_EMPTY_BODY = YES;
				CLANG_WARN_ENUM_CONVERSION = YES;
				CLANG_WARN_INT_CONVERSION = YES;
				CLANG_WARN_OBJC_ROOT_CLASS = YES_ERROR;
				CLANG_WARN__DUPLICATE_METHOD_MATCH = YES;
				"CODE_SIGN_IDENTITY[sdk=iphoneos*]" = "iPhone Developer";
				COPY_PHASE_STRIP = NO;
				GCC_C_LANGUAGE_STANDARD = gnu99;
				GCC_DYNAMIC_NO_PIC = NO;
				GCC_OPTIMIZATION_LEVEL = 0;
				GCC_PREPROCESSOR_DEFINITIONS = (
					"DEBUG=1",
					"$(inherited)",
				);
				GCC_SYMBOLS_PRIVATE_EXTERN = NO;
				GCC_WARN_64_TO_32_BIT_CONVERSION = YES;
				GCC_WARN_ABOUT_RETURN_TYPE = YES_ERROR;
				GCC_WARN_UNDECLARED_SELECTOR = YES;
				GCC_WARN_UNINITIALIZED_AUTOS = YES;
				GCC_WARN_UNUSED_FUNCTION = YES;
				GCC_WARN_UNUSED_VARIABLE = YES;
				IPHONEOS_DEPLOYMENT_TARGET = 7.0;
				ONLY_ACTIVE_ARCH = YES;
				SDKROOT = iphoneos;
			};
			name = Debug;
		};
		9FDC44D118BDDE1000CE2D46 /* Release */ = {
			isa = XCBuildConfiguration;
			buildSettings = {
				ALWAYS_SEARCH_USER_PATHS = NO;
				ARCHS = "$(ARCHS_STANDARD_INCLUDING_64_BIT)";
				CLANG_CXX_LANGUAGE_STANDARD = "gnu++0x";
				CLANG_CXX_LIBRARY = "libc++";
				CLANG_ENABLE_MODULES = YES;
				CLANG_ENABLE_OBJC_ARC = YES;
				CLANG_WARN_BOOL_CONVERSION = YES;
				CLANG_WARN_CONSTANT_CONVERSION = YES;
				CLANG_WARN_DIRECT_OBJC_ISA_USAGE = YES_ERROR;
				CLANG_WARN_EMPTY_BODY = YES;
				CLANG_WARN_ENUM_CONVERSION = YES;
				CLANG_WARN_INT_CONVERSION = YES;
				CLANG_WARN_OBJC_ROOT_CLASS = YES_ERROR;
				CLANG_WARN__DUPLICATE_METHOD_MATCH = YES;
				"CODE_SIGN_IDENTITY[sdk=iphoneos*]" = "iPhone Developer";
				COPY_PHASE_STRIP = YES;
				ENABLE_NS_ASSERTIONS = NO;
				GCC_C_LANGUAGE_STANDARD = gnu99;
				GCC_WARN_64_TO_32_BIT_CONVERSION = YES;
				GCC_WARN_ABOUT_RETURN_TYPE = YES_ERROR;
				GCC_WARN_UNDECLARED_SELECTOR = YES;
				GCC_WARN_UNINITIALIZED_AUTOS = YES;
				GCC_WARN_UNUSED_FUNCTION = YES;
				GCC_WARN_UNUSED_VARIABLE = YES;
				IPHONEOS_DEPLOYMENT_TARGET = 7.0;
				SDKROOT = iphoneos;
				VALIDATE_PRODUCT = YES;
			};
			name = Release;
		};
		9FDC44D318BDDE1000CE2D46 /* Debug */ = {
			isa = XCBuildConfiguration;
			buildSettings = {
				ASSETCATALOG_COMPILER_APPICON_NAME = AppIcon;
				ASSETCATALOG_COMPILER_LAUNCHIMAGE_NAME = LaunchImage;
				GCC_PRECOMPILE_PREFIX_HEADER = YES;
				GCC_PREFIX_HEADER = "StoreSearch/StoreSearch-Prefix.pch";
				INFOPLIST_FILE = "StoreSearch/StoreSearch-Info.plist";
				PRODUCT_NAME = "$(TARGET_NAME)";
				WRAPPER_EXTENSION = app;
			};
			name = Debug;
		};
		9FDC44D418BDDE1000CE2D46 /* Release */ = {
			isa = XCBuildConfiguration;
			buildSettings = {
				ASSETCATALOG_COMPILER_APPICON_NAME = AppIcon;
				ASSETCATALOG_COMPILER_LAUNCHIMAGE_NAME = LaunchImage;
				GCC_PRECOMPILE_PREFIX_HEADER = YES;
				GCC_PREFIX_HEADER = "StoreSearch/StoreSearch-Prefix.pch";
				INFOPLIST_FILE = "StoreSearch/StoreSearch-Info.plist";
				PRODUCT_NAME = "$(TARGET_NAME)";
				WRAPPER_EXTENSION = app;
			};
			name = Release;
		};
		9FDC44D618BDDE1000CE2D46 /* Debug */ = {
			isa = XCBuildConfiguration;
			buildSettings = {
				ARCHS = "$(ARCHS_STANDARD_INCLUDING_64_BIT)";
				BUNDLE_LOADER = "$(BUILT_PRODUCTS_DIR)/StoreSearch.app/StoreSearch";
				FRAMEWORK_SEARCH_PATHS = (
					"$(SDKROOT)/Developer/Library/Frameworks",
					"$(inherited)",
					"$(DEVELOPER_FRAMEWORKS_DIR)",
				);
				GCC_PRECOMPILE_PREFIX_HEADER = YES;
				GCC_PREFIX_HEADER = "StoreSearch/StoreSearch-Prefix.pch";
				GCC_PREPROCESSOR_DEFINITIONS = (
					"DEBUG=1",
					"$(inherited)",
				);
				INFOPLIST_FILE = "StoreSearchTests/StoreSearchTests-Info.plist";
				PRODUCT_NAME = "$(TARGET_NAME)";
				TEST_HOST = "$(BUNDLE_LOADER)";
				WRAPPER_EXTENSION = xctest;
			};
			name = Debug;
		};
		9FDC44D718BDDE1000CE2D46 /* Release */ = {
			isa = XCBuildConfiguration;
			buildSettings = {
				ARCHS = "$(ARCHS_STANDARD_INCLUDING_64_BIT)";
				BUNDLE_LOADER = "$(BUILT_PRODUCTS_DIR)/StoreSearch.app/StoreSearch";
				FRAMEWORK_SEARCH_PATHS = (
					"$(SDKROOT)/Developer/Library/Frameworks",
					"$(inherited)",
					"$(DEVELOPER_FRAMEWORKS_DIR)",
				);
				GCC_PRECOMPILE_PREFIX_HEADER = YES;
				GCC_PREFIX_HEADER = "StoreSearch/StoreSearch-Prefix.pch";
				INFOPLIST_FILE = "StoreSearchTests/StoreSearchTests-Info.plist";
				PRODUCT_NAME = "$(TARGET_NAME)";
				TEST_HOST = "$(BUNDLE_LOADER)";
				WRAPPER_EXTENSION = xctest;
			};
			name = Release;
		};
/* End XCBuildConfiguration section */

/* Begin XCConfigurationList section */
		9FDC449B18BDDE0F00CE2D46 /* Build configuration list for PBXProject "StoreSearch" */ = {
			isa = XCConfigurationList;
			buildConfigurations = (
				9FDC44D018BDDE1000CE2D46 /* Debug */,
				9FDC44D118BDDE1000CE2D46 /* Release */,
			);
			defaultConfigurationIsVisible = 0;
			defaultConfigurationName = Release;
		};
		9FDC44D218BDDE1000CE2D46 /* Build configuration list for PBXNativeTarget "StoreSearch" */ = {
			isa = XCConfigurationList;
			buildConfigurations = (
				9FDC44D318BDDE1000CE2D46 /* Debug */,
				9FDC44D418BDDE1000CE2D46 /* Release */,
			);
			defaultConfigurationIsVisible = 0;
		};
		9FDC44D518BDDE1000CE2D46 /* Build configuration list for PBXNativeTarget "StoreSearchTests" */ = {
			isa = XCConfigurationList;
			buildConfigurations = (
				9FDC44D618BDDE1000CE2D46 /* Debug */,
				9FDC44D718BDDE1000CE2D46 /* Release */,
			);
			defaultConfigurationIsVisible = 0;
		};
/* End XCConfigurationList section */
	};
	rootObject = 9FDC449818BDDE0F00CE2D46 /* Project object */;
}
