<?xml version="1.0" encoding="UTF-8"?>
<!DOCTYPE plist PUBLIC "-//Apple//DTD PLIST 1.0//EN" "http://www.apple.com/DTDs/PropertyList-1.0.dtd">
<plist version="1.0">
<dict>
	<key>archiveVersion</key>
	<string>1</string>
	<key>classes</key>
	<dict/>
	<key>objectVersion</key>
	<string>46</string>
	<key>objects</key>
	<dict>
		<key>58FB3114549942FA8404B46E</key>
		<dict>
			<key>includeInIndex</key>
			<string>1</string>
			<key>isa</key>
			<string>PBXFileReference</string>
			<key>lastKnownFileType</key>
			<string>text.xcconfig</string>
			<key>name</key>
			<string>Pods-StoreSearch.xcconfig</string>
			<key>path</key>
			<string>Pods/Pods-StoreSearch.xcconfig</string>
			<key>sourceTree</key>
			<string>&lt;group&gt;</string>
		</dict>
		<key>5C7C2912A2574F86B51CFDEA</key>
		<dict>
			<key>fileRef</key>
			<string>A7F89E3654C94624AFB79B54</string>
			<key>isa</key>
			<string>PBXBuildFile</string>
		</dict>
		<key>9FDC449718BDDE0F00CE2D46</key>
		<dict>
			<key>children</key>
			<array>
				<string>9FDC44A918BDDE1000CE2D46</string>
				<string>9FDC44C818BDDE1000CE2D46</string>
				<string>9FDC44A218BDDE1000CE2D46</string>
				<string>9FDC44A118BDDE1000CE2D46</string>
				<string>58FB3114549942FA8404B46E</string>
			</array>
			<key>isa</key>
			<string>PBXGroup</string>
			<key>sourceTree</key>
			<string>&lt;group&gt;</string>
		</dict>
		<key>9FDC449818BDDE0F00CE2D46</key>
		<dict>
			<key>attributes</key>
			<dict>
				<key>LastUpgradeCheck</key>
				<string>0500</string>
				<key>ORGANIZATIONNAME</key>
				<string>ted zhang</string>
				<key>TargetAttributes</key>
				<dict>
					<key>9FDC44C018BDDE1000CE2D46</key>
					<dict>
						<key>TestTargetID</key>
						<string>9FDC449F18BDDE0F00CE2D46</string>
					</dict>
				</dict>
			</dict>
			<key>buildConfigurationList</key>
			<string>9FDC449B18BDDE0F00CE2D46</string>
			<key>compatibilityVersion</key>
			<string>Xcode 3.2</string>
			<key>developmentRegion</key>
			<string>English</string>
			<key>hasScannedForEncodings</key>
			<string>0</string>
			<key>isa</key>
			<string>PBXProject</string>
			<key>knownRegions</key>
			<array>
				<string>en</string>
				<string>Base</string>
			</array>
			<key>mainGroup</key>
			<string>9FDC449718BDDE0F00CE2D46</string>
			<key>productRefGroup</key>
			<string>9FDC44A118BDDE1000CE2D46</string>
			<key>projectDirPath</key>
			<string></string>
			<key>projectReferences</key>
			<array/>
			<key>projectRoot</key>
			<string></string>
			<key>targets</key>
			<array>
				<string>9FDC449F18BDDE0F00CE2D46</string>
				<string>9FDC44C018BDDE1000CE2D46</string>
			</array>
		</dict>
		<key>9FDC449B18BDDE0F00CE2D46</key>
		<dict>
			<key>buildConfigurations</key>
			<array>
				<string>9FDC44D018BDDE1000CE2D46</string>
				<string>9FDC44D118BDDE1000CE2D46</string>
			</array>
			<key>defaultConfigurationIsVisible</key>
			<string>0</string>
			<key>defaultConfigurationName</key>
			<string>Release</string>
			<key>isa</key>
			<string>XCConfigurationList</string>
		</dict>
		<key>9FDC449C18BDDE0F00CE2D46</key>
		<dict>
			<key>buildActionMask</key>
			<string>2147483647</string>
			<key>files</key>
			<array>
				<string>9FDC44F918BE3BDE00CE2D46</string>
				<string>9FDC44B418BDDE1000CE2D46</string>
				<string>9FDC44DB18BE1A9900CE2D46</string>
				<string>9FDC44F618BE360000CE2D46</string>
				<string>9FDC44B018BDDE1000CE2D46</string>
			</array>
			<key>isa</key>
			<string>PBXSourcesBuildPhase</string>
			<key>runOnlyForDeploymentPostprocessing</key>
			<string>0</string>
		</dict>
		<key>9FDC449D18BDDE0F00CE2D46</key>
		<dict>
			<key>buildActionMask</key>
			<string>2147483647</string>
			<key>files</key>
			<array>
				<string>9FDC44A618BDDE1000CE2D46</string>
				<string>9FDC44A818BDDE1000CE2D46</string>
				<string>9FDC44A418BDDE1000CE2D46</string>
				<string>5C7C2912A2574F86B51CFDEA</string>
			</array>
			<key>isa</key>
			<string>PBXFrameworksBuildPhase</string>
			<key>runOnlyForDeploymentPostprocessing</key>
			<string>0</string>
		</dict>
		<key>9FDC449E18BDDE0F00CE2D46</key>
		<dict>
			<key>buildActionMask</key>
			<string>2147483647</string>
			<key>files</key>
			<array>
				<string>9FDC44EF18BE2DA900CE2D46</string>
				<string>9FDC44F018BE2DA900CE2D46</string>
				<string>9FDC44E818BE2DA900CE2D46</string>
				<string>9FDC44EB18BE2DA900CE2D46</string>
				<string>9FDC44F118BE2DA900CE2D46</string>
				<string>9FDC44ED18BE2DA900CE2D46</string>
				<string>9FDC44F318BE2E0200CE2D46</string>
				<string>9FDC450418BEEF3900CE2D46</string>
				<string>9FDC450518BEEF3900CE2D46</string>
				<string>9FDC44E918BE2DA900CE2D46</string>
				<string>9FDC44BC18BDDE1000CE2D46</string>
				<string>9FDC44EE18BE2DA900CE2D46</string>
				<string>9FDC44AE18BDDE1000CE2D46</string>
				<string>9FDC44EC18BE2DA900CE2D46</string>
				<string>9FDC450818BEEF3900CE2D46</string>
				<string>9FDC44DC18BE1A9900CE2D46</string>
				<string>9FDC450318BEEF3900CE2D46</string>
				<string>9FDC450218BEEF3900CE2D46</string>
				<string>9FDC450718BEEF3900CE2D46</string>
				<string>9FDC450618BEEF3900CE2D46</string>
				<string>9FDC44EA18BE2DA900CE2D46</string>
			</array>
			<key>isa</key>
			<string>PBXResourcesBuildPhase</string>
			<key>runOnlyForDeploymentPostprocessing</key>
			<string>0</string>
		</dict>
		<key>9FDC449F18BDDE0F00CE2D46</key>
		<dict>
			<key>buildConfigurationList</key>
			<string>9FDC44D218BDDE1000CE2D46</string>
			<key>buildPhases</key>
			<array>
				<string>D9F0066AB776445DB3B53121</string>
				<string>9FDC449C18BDDE0F00CE2D46</string>
				<string>9FDC449D18BDDE0F00CE2D46</string>
				<string>9FDC449E18BDDE0F00CE2D46</string>
				<string>B7F4348C06C442679DFD0690</string>
			</array>
			<key>buildRules</key>
			<array/>
			<key>dependencies</key>
			<array/>
			<key>isa</key>
			<string>PBXNativeTarget</string>
			<key>name</key>
			<string>StoreSearch</string>
			<key>productName</key>
			<string>StoreSearch</string>
			<key>productReference</key>
			<string>9FDC44A018BDDE1000CE2D46</string>
			<key>productType</key>
			<string>com.apple.product-type.application</string>
		</dict>
		<key>9FDC44A018BDDE1000CE2D46</key>
		<dict>
			<key>explicitFileType</key>
			<string>wrapper.application</string>
			<key>includeInIndex</key>
			<string>0</string>
			<key>isa</key>
			<string>PBXFileReference</string>
			<key>path</key>
			<string>StoreSearch.app</string>
			<key>sourceTree</key>
			<string>BUILT_PRODUCTS_DIR</string>
		</dict>
		<key>9FDC44A118BDDE1000CE2D46</key>
		<dict>
			<key>children</key>
			<array>
				<string>9FDC44A018BDDE1000CE2D46</string>
				<string>9FDC44C118BDDE1000CE2D46</string>
			</array>
			<key>isa</key>
			<string>PBXGroup</string>
			<key>name</key>
			<string>Products</string>
			<key>sourceTree</key>
			<string>&lt;group&gt;</string>
		</dict>
		<key>9FDC44A218BDDE1000CE2D46</key>
		<dict>
			<key>children</key>
			<array>
				<string>9FDC44A318BDDE1000CE2D46</string>
				<string>9FDC44A518BDDE1000CE2D46</string>
				<string>9FDC44A718BDDE1000CE2D46</string>
				<string>9FDC44C218BDDE1000CE2D46</string>
				<string>A7F89E3654C94624AFB79B54</string>
			</array>
			<key>isa</key>
			<string>PBXGroup</string>
			<key>name</key>
			<string>Frameworks</string>
			<key>sourceTree</key>
			<string>&lt;group&gt;</string>
		</dict>
		<key>9FDC44A318BDDE1000CE2D46</key>
		<dict>
			<key>isa</key>
			<string>PBXFileReference</string>
			<key>lastKnownFileType</key>
			<string>wrapper.framework</string>
			<key>name</key>
			<string>Foundation.framework</string>
			<key>path</key>
			<string>System/Library/Frameworks/Foundation.framework</string>
			<key>sourceTree</key>
			<string>SDKROOT</string>
		</dict>
		<key>9FDC44A418BDDE1000CE2D46</key>
		<dict>
			<key>fileRef</key>
			<string>9FDC44A318BDDE1000CE2D46</string>
			<key>isa</key>
			<string>PBXBuildFile</string>
		</dict>
		<key>9FDC44A518BDDE1000CE2D46</key>
		<dict>
			<key>isa</key>
			<string>PBXFileReference</string>
			<key>lastKnownFileType</key>
			<string>wrapper.framework</string>
			<key>name</key>
			<string>CoreGraphics.framework</string>
			<key>path</key>
			<string>System/Library/Frameworks/CoreGraphics.framework</string>
			<key>sourceTree</key>
			<string>SDKROOT</string>
		</dict>
		<key>9FDC44A618BDDE1000CE2D46</key>
		<dict>
			<key>fileRef</key>
			<string>9FDC44A518BDDE1000CE2D46</string>
			<key>isa</key>
			<string>PBXBuildFile</string>
		</dict>
		<key>9FDC44A718BDDE1000CE2D46</key>
		<dict>
			<key>isa</key>
			<string>PBXFileReference</string>
			<key>lastKnownFileType</key>
			<string>wrapper.framework</string>
			<key>name</key>
			<string>UIKit.framework</string>
			<key>path</key>
			<string>System/Library/Frameworks/UIKit.framework</string>
			<key>sourceTree</key>
			<string>SDKROOT</string>
		</dict>
		<key>9FDC44A818BDDE1000CE2D46</key>
		<dict>
			<key>fileRef</key>
			<string>9FDC44A718BDDE1000CE2D46</string>
			<key>isa</key>
			<string>PBXBuildFile</string>
		</dict>
		<key>9FDC44A918BDDE1000CE2D46</key>
		<dict>
			<key>children</key>
			<array>
				<string>9FDC44B218BDDE1000CE2D46</string>
				<string>9FDC44B318BDDE1000CE2D46</string>
				<string>9FDC44BB18BDDE1000CE2D46</string>
				<string>9FDC44FA18BEEF3900CE2D46</string>
				<string>9FDC44DD18BE2DA900CE2D46</string>
				<string>9FDC44AA18BDDE1000CE2D46</string>
				<string>9FDC44D818BE1A9900CE2D46</string>
				<string>9FDC44D918BE1A9900CE2D46</string>
				<string>9FDC44F218BE2E0200CE2D46</string>
				<string>9FDC44DA18BE1A9900CE2D46</string>
				<string>9FDC44F418BE360000CE2D46</string>
				<string>9FDC44F518BE360000CE2D46</string>
				<string>9FDC44F718BE3BDE00CE2D46</string>
				<string>9FDC44F818BE3BDE00CE2D46</string>
			</array>
			<key>isa</key>
			<string>PBXGroup</string>
			<key>path</key>
			<string>StoreSearch</string>
			<key>sourceTree</key>
			<string>&lt;group&gt;</string>
		</dict>
		<key>9FDC44AA18BDDE1000CE2D46</key>
		<dict>
			<key>children</key>
			<array>
				<string>9FDC44AB18BDDE1000CE2D46</string>
				<string>9FDC44AC18BDDE1000CE2D46</string>
				<string>9FDC44AF18BDDE1000CE2D46</string>
				<string>9FDC44B118BDDE1000CE2D46</string>
			</array>
			<key>isa</key>
			<string>PBXGroup</string>
			<key>name</key>
			<string>Supporting Files</string>
			<key>sourceTree</key>
			<string>&lt;group&gt;</string>
		</dict>
		<key>9FDC44AB18BDDE1000CE2D46</key>
		<dict>
			<key>isa</key>
			<string>PBXFileReference</string>
			<key>lastKnownFileType</key>
			<string>text.plist.xml</string>
			<key>path</key>
			<string>StoreSearch-Info.plist</string>
			<key>sourceTree</key>
			<string>&lt;group&gt;</string>
		</dict>
		<key>9FDC44AC18BDDE1000CE2D46</key>
		<dict>
			<key>children</key>
			<array>
				<string>9FDC44AD18BDDE1000CE2D46</string>
			</array>
			<key>isa</key>
			<string>PBXVariantGroup</string>
			<key>name</key>
			<string>InfoPlist.strings</string>
			<key>sourceTree</key>
			<string>&lt;group&gt;</string>
		</dict>
		<key>9FDC44AD18BDDE1000CE2D46</key>
		<dict>
			<key>isa</key>
			<string>PBXFileReference</string>
			<key>lastKnownFileType</key>
			<string>text.plist.strings</string>
			<key>name</key>
			<string>en</string>
			<key>path</key>
			<string>en.lproj/InfoPlist.strings</string>
			<key>sourceTree</key>
			<string>&lt;group&gt;</string>
		</dict>
		<key>9FDC44AE18BDDE1000CE2D46</key>
		<dict>
			<key>fileRef</key>
			<string>9FDC44AC18BDDE1000CE2D46</string>
			<key>isa</key>
			<string>PBXBuildFile</string>
		</dict>
		<key>9FDC44AF18BDDE1000CE2D46</key>
		<dict>
			<key>isa</key>
			<string>PBXFileReference</string>
			<key>lastKnownFileType</key>
			<string>sourcecode.c.objc</string>
			<key>path</key>
			<string>main.m</string>
			<key>sourceTree</key>
			<string>&lt;group&gt;</string>
		</dict>
		<key>9FDC44B018BDDE1000CE2D46</key>
		<dict>
			<key>fileRef</key>
			<string>9FDC44AF18BDDE1000CE2D46</string>
			<key>isa</key>
			<string>PBXBuildFile</string>
		</dict>
		<key>9FDC44B118BDDE1000CE2D46</key>
		<dict>
			<key>isa</key>
			<string>PBXFileReference</string>
			<key>lastKnownFileType</key>
			<string>sourcecode.c.h</string>
			<key>path</key>
			<string>StoreSearch-Prefix.pch</string>
			<key>sourceTree</key>
			<string>&lt;group&gt;</string>
		</dict>
		<key>9FDC44B218BDDE1000CE2D46</key>
		<dict>
			<key>isa</key>
			<string>PBXFileReference</string>
			<key>lastKnownFileType</key>
			<string>sourcecode.c.h</string>
			<key>path</key>
			<string>AppDelegate.h</string>
			<key>sourceTree</key>
			<string>&lt;group&gt;</string>
		</dict>
		<key>9FDC44B318BDDE1000CE2D46</key>
		<dict>
			<key>isa</key>
			<string>PBXFileReference</string>
			<key>lastKnownFileType</key>
			<string>sourcecode.c.objc</string>
			<key>path</key>
			<string>AppDelegate.m</string>
			<key>sourceTree</key>
			<string>&lt;group&gt;</string>
		</dict>
		<key>9FDC44B418BDDE1000CE2D46</key>
		<dict>
			<key>fileRef</key>
			<string>9FDC44B318BDDE1000CE2D46</string>
			<key>isa</key>
			<string>PBXBuildFile</string>
		</dict>
		<key>9FDC44BB18BDDE1000CE2D46</key>
		<dict>
			<key>isa</key>
			<string>PBXFileReference</string>
			<key>lastKnownFileType</key>
			<string>folder.assetcatalog</string>
			<key>path</key>
			<string>Images.xcassets</string>
			<key>sourceTree</key>
			<string>&lt;group&gt;</string>
		</dict>
		<key>9FDC44BC18BDDE1000CE2D46</key>
		<dict>
			<key>fileRef</key>
			<string>9FDC44BB18BDDE1000CE2D46</string>
			<key>isa</key>
			<string>PBXBuildFile</string>
		</dict>
		<key>9FDC44BD18BDDE1000CE2D46</key>
		<dict>
			<key>buildActionMask</key>
			<string>2147483647</string>
			<key>files</key>
			<array>
				<string>9FDC44CF18BDDE1000CE2D46</string>
			</array>
			<key>isa</key>
			<string>PBXSourcesBuildPhase</string>
			<key>runOnlyForDeploymentPostprocessing</key>
			<string>0</string>
		</dict>
		<key>9FDC44BE18BDDE1000CE2D46</key>
		<dict>
			<key>buildActionMask</key>
			<string>2147483647</string>
			<key>files</key>
			<array>
				<string>9FDC44C318BDDE1000CE2D46</string>
				<string>9FDC44C518BDDE1000CE2D46</string>
				<string>9FDC44C418BDDE1000CE2D46</string>
			</array>
			<key>isa</key>
			<string>PBXFrameworksBuildPhase</string>
			<key>runOnlyForDeploymentPostprocessing</key>
			<string>0</string>
		</dict>
		<key>9FDC44BF18BDDE1000CE2D46</key>
		<dict>
			<key>buildActionMask</key>
			<string>2147483647</string>
			<key>files</key>
			<array>
				<string>9FDC44CD18BDDE1000CE2D46</string>
			</array>
			<key>isa</key>
			<string>PBXResourcesBuildPhase</string>
			<key>runOnlyForDeploymentPostprocessing</key>
			<string>0</string>
		</dict>
		<key>9FDC44C018BDDE1000CE2D46</key>
		<dict>
			<key>buildConfigurationList</key>
			<string>9FDC44D518BDDE1000CE2D46</string>
			<key>buildPhases</key>
			<array>
				<string>9FDC44BD18BDDE1000CE2D46</string>
				<string>9FDC44BE18BDDE1000CE2D46</string>
				<string>9FDC44BF18BDDE1000CE2D46</string>
			</array>
			<key>buildRules</key>
			<array/>
			<key>dependencies</key>
			<array>
				<string>9FDC44C718BDDE1000CE2D46</string>
			</array>
			<key>isa</key>
			<string>PBXNativeTarget</string>
			<key>name</key>
			<string>StoreSearchTests</string>
			<key>productName</key>
			<string>StoreSearchTests</string>
			<key>productReference</key>
			<string>9FDC44C118BDDE1000CE2D46</string>
			<key>productType</key>
			<string>com.apple.product-type.bundle.unit-test</string>
		</dict>
		<key>9FDC44C118BDDE1000CE2D46</key>
		<dict>
			<key>explicitFileType</key>
			<string>wrapper.cfbundle</string>
			<key>includeInIndex</key>
			<string>0</string>
			<key>isa</key>
			<string>PBXFileReference</string>
			<key>path</key>
			<string>StoreSearchTests.xctest</string>
			<key>sourceTree</key>
			<string>BUILT_PRODUCTS_DIR</string>
		</dict>
		<key>9FDC44C218BDDE1000CE2D46</key>
		<dict>
			<key>isa</key>
			<string>PBXFileReference</string>
			<key>lastKnownFileType</key>
			<string>wrapper.framework</string>
			<key>name</key>
			<string>XCTest.framework</string>
			<key>path</key>
			<string>Library/Frameworks/XCTest.framework</string>
			<key>sourceTree</key>
			<string>DEVELOPER_DIR</string>
		</dict>
		<key>9FDC44C318BDDE1000CE2D46</key>
		<dict>
			<key>fileRef</key>
			<string>9FDC44C218BDDE1000CE2D46</string>
			<key>isa</key>
			<string>PBXBuildFile</string>
		</dict>
		<key>9FDC44C418BDDE1000CE2D46</key>
		<dict>
			<key>fileRef</key>
			<string>9FDC44A318BDDE1000CE2D46</string>
			<key>isa</key>
			<string>PBXBuildFile</string>
		</dict>
		<key>9FDC44C518BDDE1000CE2D46</key>
		<dict>
			<key>fileRef</key>
			<string>9FDC44A718BDDE1000CE2D46</string>
			<key>isa</key>
			<string>PBXBuildFile</string>
		</dict>
		<key>9FDC44C618BDDE1000CE2D46</key>
		<dict>
			<key>containerPortal</key>
			<string>9FDC449818BDDE0F00CE2D46</string>
			<key>isa</key>
			<string>PBXContainerItemProxy</string>
			<key>proxyType</key>
			<string>1</string>
			<key>remoteGlobalIDString</key>
			<string>9FDC449F18BDDE0F00CE2D46</string>
			<key>remoteInfo</key>
			<string>StoreSearch</string>
		</dict>
		<key>9FDC44C718BDDE1000CE2D46</key>
		<dict>
			<key>isa</key>
			<string>PBXTargetDependency</string>
			<key>target</key>
			<string>9FDC449F18BDDE0F00CE2D46</string>
			<key>targetProxy</key>
			<string>9FDC44C618BDDE1000CE2D46</string>
		</dict>
		<key>9FDC44C818BDDE1000CE2D46</key>
		<dict>
			<key>children</key>
			<array>
				<string>9FDC44CE18BDDE1000CE2D46</string>
				<string>9FDC44C918BDDE1000CE2D46</string>
			</array>
			<key>isa</key>
			<string>PBXGroup</string>
			<key>path</key>
			<string>StoreSearchTests</string>
			<key>sourceTree</key>
			<string>&lt;group&gt;</string>
		</dict>
		<key>9FDC44C918BDDE1000CE2D46</key>
		<dict>
			<key>children</key>
			<array>
				<string>9FDC44CA18BDDE1000CE2D46</string>
				<string>9FDC44CB18BDDE1000CE2D46</string>
			</array>
			<key>isa</key>
			<string>PBXGroup</string>
			<key>name</key>
			<string>Supporting Files</string>
			<key>sourceTree</key>
			<string>&lt;group&gt;</string>
		</dict>
		<key>9FDC44CA18BDDE1000CE2D46</key>
		<dict>
			<key>isa</key>
			<string>PBXFileReference</string>
			<key>lastKnownFileType</key>
			<string>text.plist.xml</string>
			<key>path</key>
			<string>StoreSearchTests-Info.plist</string>
			<key>sourceTree</key>
			<string>&lt;group&gt;</string>
		</dict>
		<key>9FDC44CB18BDDE1000CE2D46</key>
		<dict>
			<key>children</key>
			<array>
				<string>9FDC44CC18BDDE1000CE2D46</string>
			</array>
			<key>isa</key>
			<string>PBXVariantGroup</string>
			<key>name</key>
			<string>InfoPlist.strings</string>
			<key>sourceTree</key>
			<string>&lt;group&gt;</string>
		</dict>
		<key>9FDC44CC18BDDE1000CE2D46</key>
		<dict>
			<key>isa</key>
			<string>PBXFileReference</string>
			<key>lastKnownFileType</key>
			<string>text.plist.strings</string>
			<key>name</key>
			<string>en</string>
			<key>path</key>
			<string>en.lproj/InfoPlist.strings</string>
			<key>sourceTree</key>
			<string>&lt;group&gt;</string>
		</dict>
		<key>9FDC44CD18BDDE1000CE2D46</key>
		<dict>
			<key>fileRef</key>
			<string>9FDC44CB18BDDE1000CE2D46</string>
			<key>isa</key>
			<string>PBXBuildFile</string>
		</dict>
		<key>9FDC44CE18BDDE1000CE2D46</key>
		<dict>
			<key>isa</key>
			<string>PBXFileReference</string>
			<key>lastKnownFileType</key>
			<string>sourcecode.c.objc</string>
			<key>path</key>
			<string>StoreSearchTests.m</string>
			<key>sourceTree</key>
			<string>&lt;group&gt;</string>
		</dict>
		<key>9FDC44CF18BDDE1000CE2D46</key>
		<dict>
			<key>fileRef</key>
			<string>9FDC44CE18BDDE1000CE2D46</string>
			<key>isa</key>
			<string>PBXBuildFile</string>
		</dict>
		<key>9FDC44D018BDDE1000CE2D46</key>
		<dict>
			<key>buildSettings</key>
			<dict>
				<key>ALWAYS_SEARCH_USER_PATHS</key>
				<string>NO</string>
				<key>ARCHS</key>
				<string>$(ARCHS_STANDARD_INCLUDING_64_BIT)</string>
				<key>CLANG_CXX_LANGUAGE_STANDARD</key>
				<string>gnu++0x</string>
				<key>CLANG_CXX_LIBRARY</key>
				<string>libc++</string>
				<key>CLANG_ENABLE_MODULES</key>
				<string>YES</string>
				<key>CLANG_ENABLE_OBJC_ARC</key>
				<string>YES</string>
				<key>CLANG_WARN_BOOL_CONVERSION</key>
				<string>YES</string>
				<key>CLANG_WARN_CONSTANT_CONVERSION</key>
				<string>YES</string>
				<key>CLANG_WARN_DIRECT_OBJC_ISA_USAGE</key>
				<string>YES_ERROR</string>
				<key>CLANG_WARN_EMPTY_BODY</key>
				<string>YES</string>
				<key>CLANG_WARN_ENUM_CONVERSION</key>
				<string>YES</string>
				<key>CLANG_WARN_INT_CONVERSION</key>
				<string>YES</string>
				<key>CLANG_WARN_OBJC_ROOT_CLASS</key>
				<string>YES_ERROR</string>
				<key>CLANG_WARN__DUPLICATE_METHOD_MATCH</key>
				<string>YES</string>
				<key>CODE_SIGN_IDENTITY[sdk=iphoneos*]</key>
				<string>iPhone Developer</string>
				<key>COPY_PHASE_STRIP</key>
				<string>NO</string>
				<key>GCC_C_LANGUAGE_STANDARD</key>
				<string>gnu99</string>
				<key>GCC_DYNAMIC_NO_PIC</key>
				<string>NO</string>
				<key>GCC_OPTIMIZATION_LEVEL</key>
				<string>0</string>
				<key>GCC_PREPROCESSOR_DEFINITIONS</key>
				<array>
					<string>DEBUG=1</string>
					<string>$(inherited)</string>
				</array>
				<key>GCC_SYMBOLS_PRIVATE_EXTERN</key>
				<string>NO</string>
				<key>GCC_WARN_64_TO_32_BIT_CONVERSION</key>
				<string>YES</string>
				<key>GCC_WARN_ABOUT_RETURN_TYPE</key>
				<string>YES_ERROR</string>
				<key>GCC_WARN_UNDECLARED_SELECTOR</key>
				<string>YES</string>
				<key>GCC_WARN_UNINITIALIZED_AUTOS</key>
				<string>YES</string>
				<key>GCC_WARN_UNUSED_FUNCTION</key>
				<string>YES</string>
				<key>GCC_WARN_UNUSED_VARIABLE</key>
				<string>YES</string>
				<key>IPHONEOS_DEPLOYMENT_TARGET</key>
				<string>7.0</string>
				<key>ONLY_ACTIVE_ARCH</key>
				<string>YES</string>
				<key>SDKROOT</key>
				<string>iphoneos</string>
			</dict>
			<key>isa</key>
			<string>XCBuildConfiguration</string>
			<key>name</key>
			<string>Debug</string>
		</dict>
		<key>9FDC44D118BDDE1000CE2D46</key>
		<dict>
			<key>buildSettings</key>
			<dict>
				<key>ALWAYS_SEARCH_USER_PATHS</key>
				<string>NO</string>
				<key>ARCHS</key>
				<string>$(ARCHS_STANDARD_INCLUDING_64_BIT)</string>
				<key>CLANG_CXX_LANGUAGE_STANDARD</key>
				<string>gnu++0x</string>
				<key>CLANG_CXX_LIBRARY</key>
				<string>libc++</string>
				<key>CLANG_ENABLE_MODULES</key>
				<string>YES</string>
				<key>CLANG_ENABLE_OBJC_ARC</key>
				<string>YES</string>
				<key>CLANG_WARN_BOOL_CONVERSION</key>
				<string>YES</string>
				<key>CLANG_WARN_CONSTANT_CONVERSION</key>
				<string>YES</string>
				<key>CLANG_WARN_DIRECT_OBJC_ISA_USAGE</key>
				<string>YES_ERROR</string>
				<key>CLANG_WARN_EMPTY_BODY</key>
				<string>YES</string>
				<key>CLANG_WARN_ENUM_CONVERSION</key>
				<string>YES</string>
				<key>CLANG_WARN_INT_CONVERSION</key>
				<string>YES</string>
				<key>CLANG_WARN_OBJC_ROOT_CLASS</key>
				<string>YES_ERROR</string>
				<key>CLANG_WARN__DUPLICATE_METHOD_MATCH</key>
				<string>YES</string>
				<key>CODE_SIGN_IDENTITY[sdk=iphoneos*]</key>
				<string>iPhone Developer</string>
				<key>COPY_PHASE_STRIP</key>
				<string>YES</string>
				<key>ENABLE_NS_ASSERTIONS</key>
				<string>NO</string>
				<key>GCC_C_LANGUAGE_STANDARD</key>
				<string>gnu99</string>
				<key>GCC_WARN_64_TO_32_BIT_CONVERSION</key>
				<string>YES</string>
				<key>GCC_WARN_ABOUT_RETURN_TYPE</key>
				<string>YES_ERROR</string>
				<key>GCC_WARN_UNDECLARED_SELECTOR</key>
				<string>YES</string>
				<key>GCC_WARN_UNINITIALIZED_AUTOS</key>
				<string>YES</string>
				<key>GCC_WARN_UNUSED_FUNCTION</key>
				<string>YES</string>
				<key>GCC_WARN_UNUSED_VARIABLE</key>
				<string>YES</string>
				<key>IPHONEOS_DEPLOYMENT_TARGET</key>
				<string>7.0</string>
				<key>SDKROOT</key>
				<string>iphoneos</string>
				<key>VALIDATE_PRODUCT</key>
				<string>YES</string>
			</dict>
			<key>isa</key>
			<string>XCBuildConfiguration</string>
			<key>name</key>
			<string>Release</string>
		</dict>
		<key>9FDC44D218BDDE1000CE2D46</key>
		<dict>
			<key>buildConfigurations</key>
			<array>
				<string>9FDC44D318BDDE1000CE2D46</string>
				<string>9FDC44D418BDDE1000CE2D46</string>
			</array>
			<key>defaultConfigurationIsVisible</key>
			<string>0</string>
			<key>isa</key>
			<string>XCConfigurationList</string>
		</dict>
		<key>9FDC44D318BDDE1000CE2D46</key>
		<dict>
			<key>baseConfigurationReference</key>
			<string>58FB3114549942FA8404B46E</string>
			<key>buildSettings</key>
			<dict>
				<key>ASSETCATALOG_COMPILER_APPICON_NAME</key>
				<string>AppIcon</string>
				<key>ASSETCATALOG_COMPILER_LAUNCHIMAGE_NAME</key>
				<string>LaunchImage</string>
				<key>GCC_PRECOMPILE_PREFIX_HEADER</key>
				<string>YES</string>
				<key>GCC_PREFIX_HEADER</key>
				<string>StoreSearch/StoreSearch-Prefix.pch</string>
				<key>INFOPLIST_FILE</key>
				<string>StoreSearch/StoreSearch-Info.plist</string>
				<key>PRODUCT_NAME</key>
				<string>$(TARGET_NAME)</string>
				<key>WRAPPER_EXTENSION</key>
				<string>app</string>
			</dict>
			<key>isa</key>
			<string>XCBuildConfiguration</string>
			<key>name</key>
			<string>Debug</string>
		</dict>
		<key>9FDC44D418BDDE1000CE2D46</key>
		<dict>
			<key>baseConfigurationReference</key>
			<string>58FB3114549942FA8404B46E</string>
			<key>buildSettings</key>
			<dict>
				<key>ASSETCATALOG_COMPILER_APPICON_NAME</key>
				<string>AppIcon</string>
				<key>ASSETCATALOG_COMPILER_LAUNCHIMAGE_NAME</key>
				<string>LaunchImage</string>
				<key>GCC_PRECOMPILE_PREFIX_HEADER</key>
				<string>YES</string>
				<key>GCC_PREFIX_HEADER</key>
				<string>StoreSearch/StoreSearch-Prefix.pch</string>
				<key>INFOPLIST_FILE</key>
				<string>StoreSearch/StoreSearch-Info.plist</string>
				<key>PRODUCT_NAME</key>
				<string>$(TARGET_NAME)</string>
				<key>WRAPPER_EXTENSION</key>
				<string>app</string>
			</dict>
			<key>isa</key>
			<string>XCBuildConfiguration</string>
			<key>name</key>
			<string>Release</string>
		</dict>
		<key>9FDC44D518BDDE1000CE2D46</key>
		<dict>
			<key>buildConfigurations</key>
			<array>
				<string>9FDC44D618BDDE1000CE2D46</string>
				<string>9FDC44D718BDDE1000CE2D46</string>
			</array>
			<key>defaultConfigurationIsVisible</key>
			<string>0</string>
			<key>isa</key>
			<string>XCConfigurationList</string>
		</dict>
		<key>9FDC44D618BDDE1000CE2D46</key>
		<dict>
			<key>buildSettings</key>
			<dict>
				<key>ARCHS</key>
				<string>$(ARCHS_STANDARD_INCLUDING_64_BIT)</string>
				<key>BUNDLE_LOADER</key>
				<string>$(BUILT_PRODUCTS_DIR)/StoreSearch.app/StoreSearch</string>
				<key>FRAMEWORK_SEARCH_PATHS</key>
				<array>
					<string>$(SDKROOT)/Developer/Library/Frameworks</string>
					<string>$(inherited)</string>
					<string>$(DEVELOPER_FRAMEWORKS_DIR)</string>
				</array>
				<key>GCC_PRECOMPILE_PREFIX_HEADER</key>
				<string>YES</string>
				<key>GCC_PREFIX_HEADER</key>
				<string>StoreSearch/StoreSearch-Prefix.pch</string>
				<key>GCC_PREPROCESSOR_DEFINITIONS</key>
				<array>
					<string>DEBUG=1</string>
					<string>$(inherited)</string>
				</array>
				<key>INFOPLIST_FILE</key>
				<string>StoreSearchTests/StoreSearchTests-Info.plist</string>
				<key>PRODUCT_NAME</key>
				<string>$(TARGET_NAME)</string>
				<key>TEST_HOST</key>
				<string>$(BUNDLE_LOADER)</string>
				<key>WRAPPER_EXTENSION</key>
				<string>xctest</string>
			</dict>
			<key>isa</key>
			<string>XCBuildConfiguration</string>
			<key>name</key>
			<string>Debug</string>
		</dict>
		<key>9FDC44D718BDDE1000CE2D46</key>
		<dict>
			<key>buildSettings</key>
			<dict>
				<key>ARCHS</key>
				<string>$(ARCHS_STANDARD_INCLUDING_64_BIT)</string>
				<key>BUNDLE_LOADER</key>
				<string>$(BUILT_PRODUCTS_DIR)/StoreSearch.app/StoreSearch</string>
				<key>FRAMEWORK_SEARCH_PATHS</key>
				<array>
					<string>$(SDKROOT)/Developer/Library/Frameworks</string>
					<string>$(inherited)</string>
					<string>$(DEVELOPER_FRAMEWORKS_DIR)</string>
				</array>
				<key>GCC_PRECOMPILE_PREFIX_HEADER</key>
				<string>YES</string>
				<key>GCC_PREFIX_HEADER</key>
				<string>StoreSearch/StoreSearch-Prefix.pch</string>
				<key>INFOPLIST_FILE</key>
				<string>StoreSearchTests/StoreSearchTests-Info.plist</string>
				<key>PRODUCT_NAME</key>
				<string>$(TARGET_NAME)</string>
				<key>TEST_HOST</key>
				<string>$(BUNDLE_LOADER)</string>
				<key>WRAPPER_EXTENSION</key>
				<string>xctest</string>
			</dict>
			<key>isa</key>
			<string>XCBuildConfiguration</string>
			<key>name</key>
			<string>Release</string>
		</dict>
		<key>9FDC44D818BE1A9900CE2D46</key>
		<dict>
			<key>fileEncoding</key>
			<string>4</string>
			<key>isa</key>
			<string>PBXFileReference</string>
			<key>lastKnownFileType</key>
			<string>sourcecode.c.h</string>
			<key>path</key>
			<string>SearchViewController.h</string>
			<key>sourceTree</key>
			<string>&lt;group&gt;</string>
		</dict>
		<key>9FDC44D918BE1A9900CE2D46</key>
		<dict>
			<key>fileEncoding</key>
			<string>4</string>
			<key>isa</key>
			<string>PBXFileReference</string>
			<key>lastKnownFileType</key>
			<string>sourcecode.c.objc</string>
			<key>path</key>
			<string>SearchViewController.m</string>
			<key>sourceTree</key>
			<string>&lt;group&gt;</string>
		</dict>
		<key>9FDC44DA18BE1A9900CE2D46</key>
		<dict>
			<key>fileEncoding</key>
			<string>4</string>
			<key>isa</key>
			<string>PBXFileReference</string>
			<key>lastKnownFileType</key>
			<string>file.xib</string>
			<key>path</key>
			<string>SearchViewController.xib</string>
			<key>sourceTree</key>
			<string>&lt;group&gt;</string>
		</dict>
		<key>9FDC44DB18BE1A9900CE2D46</key>
		<dict>
			<key>fileRef</key>
			<string>9FDC44D918BE1A9900CE2D46</string>
			<key>isa</key>
			<string>PBXBuildFile</string>
		</dict>
		<key>9FDC44DC18BE1A9900CE2D46</key>
		<dict>
			<key>fileRef</key>
			<string>9FDC44DA18BE1A9900CE2D46</string>
			<key>isa</key>
			<string>PBXBuildFile</string>
		</dict>
		<key>9FDC44DD18BE2DA900CE2D46</key>
		<dict>
			<key>children</key>
			<array>
				<string>9FDC44DE18BE2DA900CE2D46</string>
				<string>9FDC44DF18BE2DA900CE2D46</string>
				<string>9FDC44E018BE2DA900CE2D46</string>
				<string>9FDC44E118BE2DA900CE2D46</string>
				<string>9FDC44E218BE2DA900CE2D46</string>
				<string>9FDC44E318BE2DA900CE2D46</string>
				<string>9FDC44E418BE2DA900CE2D46</string>
				<string>9FDC44E518BE2DA900CE2D46</string>
				<string>9FDC44E618BE2DA900CE2D46</string>
				<string>9FDC44E718BE2DA900CE2D46</string>
			</array>
			<key>isa</key>
			<string>PBXGroup</string>
			<key>name</key>
			<string>Images</string>
			<key>path</key>
			<string>../../../Books/The iOS Apprentice 4 - StoreSearch/Resources/Images</string>
			<key>sourceTree</key>
			<string>&lt;group&gt;</string>
		</dict>
		<key>9FDC44DE18BE2DA900CE2D46</key>
		<dict>
			<key>isa</key>
			<string>PBXFileReference</string>
			<key>lastKnownFileType</key>
			<string>image.png</string>
			<key>path</key>
			<string>CloseButton.png</string>
			<key>sourceTree</key>
			<string>&lt;group&gt;</string>
		</dict>
		<key>9FDC44DF18BE2DA900CE2D46</key>
		<dict>
			<key>isa</key>
			<string>PBXFileReference</string>
			<key>lastKnownFileType</key>
			<string>image.png</string>
			<key>path</key>
			<string>CloseButton@2x.png</string>
			<key>sourceTree</key>
			<string>&lt;group&gt;</string>
		</dict>
		<key>9FDC44E018BE2DA900CE2D46</key>
		<dict>
			<key>isa</key>
			<string>PBXFileReference</string>
			<key>lastKnownFileType</key>
			<string>image.png</string>
			<key>path</key>
			<string>LandscapeBackground.png</string>
			<key>sourceTree</key>
			<string>&lt;group&gt;</string>
		</dict>
		<key>9FDC44E118BE2DA900CE2D46</key>
		<dict>
			<key>isa</key>
			<string>PBXFileReference</string>
			<key>lastKnownFileType</key>
			<string>image.png</string>
			<key>path</key>
			<string>LandscapeBackground@2x.png</string>
			<key>sourceTree</key>
			<string>&lt;group&gt;</string>
		</dict>
		<key>9FDC44E218BE2DA900CE2D46</key>
		<dict>
			<key>isa</key>
			<string>PBXFileReference</string>
			<key>lastKnownFileType</key>
			<string>image.png</string>
			<key>path</key>
			<string>LandscapeButton.png</string>
			<key>sourceTree</key>
			<string>&lt;group&gt;</string>
		</dict>
		<key>9FDC44E318BE2DA900CE2D46</key>
		<dict>
			<key>isa</key>
			<string>PBXFileReference</string>
			<key>lastKnownFileType</key>
			<string>image.png</string>
			<key>path</key>
			<string>LandscapeButton@2x.png</string>
			<key>sourceTree</key>
			<string>&lt;group&gt;</string>
		</dict>
		<key>9FDC44E418BE2DA900CE2D46</key>
		<dict>
			<key>isa</key>
			<string>PBXFileReference</string>
			<key>lastKnownFileType</key>
			<string>image.png</string>
			<key>path</key>
			<string>Placeholder.png</string>
			<key>sourceTree</key>
			<string>&lt;group&gt;</string>
		</dict>
		<key>9FDC44E518BE2DA900CE2D46</key>
		<dict>
			<key>isa</key>
			<string>PBXFileReference</string>
			<key>lastKnownFileType</key>
			<string>image.png</string>
			<key>path</key>
			<string>Placeholder@2x.png</string>
			<key>sourceTree</key>
			<string>&lt;group&gt;</string>
		</dict>
		<key>9FDC44E618BE2DA900CE2D46</key>
		<dict>
			<key>isa</key>
			<string>PBXFileReference</string>
			<key>lastKnownFileType</key>
			<string>image.png</string>
			<key>path</key>
			<string>PriceButton.png</string>
			<key>sourceTree</key>
			<string>&lt;group&gt;</string>
		</dict>
		<key>9FDC44E718BE2DA900CE2D46</key>
		<dict>
			<key>isa</key>
			<string>PBXFileReference</string>
			<key>lastKnownFileType</key>
			<string>image.png</string>
			<key>path</key>
			<string>PriceButton@2x.png</string>
			<key>sourceTree</key>
			<string>&lt;group&gt;</string>
		</dict>
		<key>9FDC44E818BE2DA900CE2D46</key>
		<dict>
			<key>fileRef</key>
			<string>9FDC44DE18BE2DA900CE2D46</string>
			<key>isa</key>
			<string>PBXBuildFile</string>
		</dict>
		<key>9FDC44E918BE2DA900CE2D46</key>
		<dict>
			<key>fileRef</key>
			<string>9FDC44DF18BE2DA900CE2D46</string>
			<key>isa</key>
			<string>PBXBuildFile</string>
		</dict>
		<key>9FDC44EA18BE2DA900CE2D46</key>
		<dict>
			<key>fileRef</key>
			<string>9FDC44E018BE2DA900CE2D46</string>
			<key>isa</key>
			<string>PBXBuildFile</string>
		</dict>
		<key>9FDC44EB18BE2DA900CE2D46</key>
		<dict>
			<key>fileRef</key>
			<string>9FDC44E118BE2DA900CE2D46</string>
			<key>isa</key>
			<string>PBXBuildFile</string>
		</dict>
		<key>9FDC44EC18BE2DA900CE2D46</key>
		<dict>
			<key>fileRef</key>
			<string>9FDC44E218BE2DA900CE2D46</string>
			<key>isa</key>
			<string>PBXBuildFile</string>
		</dict>
		<key>9FDC44ED18BE2DA900CE2D46</key>
		<dict>
			<key>fileRef</key>
			<string>9FDC44E318BE2DA900CE2D46</string>
			<key>isa</key>
			<string>PBXBuildFile</string>
		</dict>
		<key>9FDC44EE18BE2DA900CE2D46</key>
		<dict>
			<key>fileRef</key>
			<string>9FDC44E418BE2DA900CE2D46</string>
			<key>isa</key>
			<string>PBXBuildFile</string>
		</dict>
		<key>9FDC44EF18BE2DA900CE2D46</key>
		<dict>
			<key>fileRef</key>
			<string>9FDC44E518BE2DA900CE2D46</string>
			<key>isa</key>
			<string>PBXBuildFile</string>
		</dict>
		<key>9FDC44F018BE2DA900CE2D46</key>
		<dict>
			<key>fileRef</key>
			<string>9FDC44E618BE2DA900CE2D46</string>
			<key>isa</key>
			<string>PBXBuildFile</string>
		</dict>
		<key>9FDC44F118BE2DA900CE2D46</key>
		<dict>
			<key>fileRef</key>
			<string>9FDC44E718BE2DA900CE2D46</string>
			<key>isa</key>
			<string>PBXBuildFile</string>
		</dict>
		<key>9FDC44F218BE2E0200CE2D46</key>
		<dict>
			<key>fileEncoding</key>
			<string>4</string>
			<key>isa</key>
			<string>PBXFileReference</string>
			<key>lastKnownFileType</key>
			<string>file.xib</string>
			<key>path</key>
			<string>SearchResultCell.xib</string>
			<key>sourceTree</key>
			<string>&lt;group&gt;</string>
		</dict>
		<key>9FDC44F318BE2E0200CE2D46</key>
		<dict>
			<key>fileRef</key>
			<string>9FDC44F218BE2E0200CE2D46</string>
			<key>isa</key>
			<string>PBXBuildFile</string>
		</dict>
		<key>9FDC44F418BE360000CE2D46</key>
		<dict>
			<key>fileEncoding</key>
			<string>4</string>
			<key>isa</key>
			<string>PBXFileReference</string>
			<key>lastKnownFileType</key>
			<string>sourcecode.c.h</string>
			<key>path</key>
			<string>SearchResultCell.h</string>
			<key>sourceTree</key>
			<string>&lt;group&gt;</string>
		</dict>
		<key>9FDC44F518BE360000CE2D46</key>
		<dict>
			<key>fileEncoding</key>
			<string>4</string>
			<key>isa</key>
			<string>PBXFileReference</string>
			<key>lastKnownFileType</key>
			<string>sourcecode.c.objc</string>
			<key>path</key>
			<string>SearchResultCell.m</string>
			<key>sourceTree</key>
			<string>&lt;group&gt;</string>
		</dict>
		<key>9FDC44F618BE360000CE2D46</key>
		<dict>
			<key>fileRef</key>
			<string>9FDC44F518BE360000CE2D46</string>
			<key>isa</key>
			<string>PBXBuildFile</string>
		</dict>
		<key>9FDC44F718BE3BDE00CE2D46</key>
		<dict>
			<key>fileEncoding</key>
			<string>4</string>
			<key>isa</key>
			<string>PBXFileReference</string>
			<key>lastKnownFileType</key>
			<string>sourcecode.c.h</string>
			<key>path</key>
			<string>SearchResult.h</string>
			<key>sourceTree</key>
			<string>&lt;group&gt;</string>
		</dict>
		<key>9FDC44F818BE3BDE00CE2D46</key>
		<dict>
			<key>fileEncoding</key>
			<string>4</string>
			<key>isa</key>
			<string>PBXFileReference</string>
			<key>lastKnownFileType</key>
			<string>sourcecode.c.objc</string>
			<key>path</key>
			<string>SearchResult.m</string>
			<key>sourceTree</key>
			<string>&lt;group&gt;</string>
		</dict>
		<key>9FDC44F918BE3BDE00CE2D46</key>
		<dict>
			<key>fileRef</key>
			<string>9FDC44F818BE3BDE00CE2D46</string>
			<key>isa</key>
			<string>PBXBuildFile</string>
		</dict>
		<key>9FDC44FA18BEEF3900CE2D46</key>
		<dict>
			<key>children</key>
			<array>
				<string>9FDC44FB18BEEF3900CE2D46</string>
				<string>9FDC44FC18BEEF3900CE2D46</string>
				<string>9FDC44FE18BEEF3900CE2D46</string>
				<string>9FDC44FD18BEEF3900CE2D46</string>
				<string>9FDC44FF18BEEF3900CE2D46</string>
				<string>9FDC450018BEEF3900CE2D46</string>
				<string>9FDC450118BEEF3900CE2D46</string>
			</array>
			<key>isa</key>
			<string>PBXGroup</string>
			<key>name</key>
			<string>Icon</string>
			<key>path</key>
			<string>../../../Books/The iOS Apprentice 4 - StoreSearch/Resources/Icon</string>
			<key>sourceTree</key>
			<string>&lt;group&gt;</string>
		</dict>
		<key>9FDC44FB18BEEF3900CE2D46</key>
		<dict>
			<key>isa</key>
			<string>PBXFileReference</string>
			<key>lastKnownFileType</key>
			<string>image.png</string>
			<key>path</key>
			<string>Icon-120.png</string>
			<key>sourceTree</key>
			<string>&lt;group&gt;</string>
		</dict>
		<key>9FDC44FC18BEEF3900CE2D46</key>
		<dict>
			<key>isa</key>
			<string>PBXFileReference</string>
			<key>lastKnownFileType</key>
			<string>image.png</string>
			<key>path</key>
			<string>Icon-152.png</string>
			<key>sourceTree</key>
			<string>&lt;group&gt;</string>
		</dict>
		<key>9FDC44FD18BEEF3900CE2D46</key>
		<dict>
			<key>isa</key>
			<string>PBXFileReference</string>
			<key>lastKnownFileType</key>
			<string>image.png</string>
			<key>path</key>
			<string>Icon-29.png</string>
			<key>sourceTree</key>
			<string>&lt;group&gt;</string>
		</dict>
		<key>9FDC44FE18BEEF3900CE2D46</key>
		<dict>
			<key>isa</key>
			<string>PBXFileReference</string>
			<key>lastKnownFileType</key>
			<string>image.png</string>
			<key>path</key>
			<string>Icon-40.png</string>
			<key>sourceTree</key>
			<string>&lt;group&gt;</string>
		</dict>
		<key>9FDC44FF18BEEF3900CE2D46</key>
		<dict>
			<key>isa</key>
			<string>PBXFileReference</string>
			<key>lastKnownFileType</key>
			<string>image.png</string>
			<key>path</key>
			<string>Icon-58.png</string>
			<key>sourceTree</key>
			<string>&lt;group&gt;</string>
		</dict>
		<key>9FDC450018BEEF3900CE2D46</key>
		<dict>
			<key>isa</key>
			<string>PBXFileReference</string>
			<key>lastKnownFileType</key>
			<string>image.png</string>
			<key>path</key>
			<string>Icon-76.png</string>
			<key>sourceTree</key>
			<string>&lt;group&gt;</string>
		</dict>
		<key>9FDC450118BEEF3900CE2D46</key>
		<dict>
			<key>isa</key>
			<string>PBXFileReference</string>
			<key>lastKnownFileType</key>
			<string>image.png</string>
			<key>path</key>
			<string>Icon-80.png</string>
			<key>sourceTree</key>
			<string>&lt;group&gt;</string>
		</dict>
		<key>9FDC450218BEEF3900CE2D46</key>
		<dict>
			<key>fileRef</key>
			<string>9FDC44FB18BEEF3900CE2D46</string>
			<key>isa</key>
			<string>PBXBuildFile</string>
		</dict>
		<key>9FDC450318BEEF3900CE2D46</key>
		<dict>
			<key>fileRef</key>
			<string>9FDC44FC18BEEF3900CE2D46</string>
			<key>isa</key>
			<string>PBXBuildFile</string>
		</dict>
		<key>9FDC450418BEEF3900CE2D46</key>
		<dict>
			<key>fileRef</key>
			<string>9FDC44FD18BEEF3900CE2D46</string>
			<key>isa</key>
			<string>PBXBuildFile</string>
		</dict>
		<key>9FDC450518BEEF3900CE2D46</key>
		<dict>
			<key>fileRef</key>
			<string>9FDC44FE18BEEF3900CE2D46</string>
			<key>isa</key>
			<string>PBXBuildFile</string>
		</dict>
		<key>9FDC450618BEEF3900CE2D46</key>
		<dict>
			<key>fileRef</key>
			<string>9FDC44FF18BEEF3900CE2D46</string>
			<key>isa</key>
			<string>PBXBuildFile</string>
		</dict>
		<key>9FDC450718BEEF3900CE2D46</key>
		<dict>
			<key>fileRef</key>
			<string>9FDC450018BEEF3900CE2D46</string>
			<key>isa</key>
			<string>PBXBuildFile</string>
		</dict>
		<key>9FDC450818BEEF3900CE2D46</key>
		<dict>
			<key>fileRef</key>
			<string>9FDC450118BEEF3900CE2D46</string>
			<key>isa</key>
			<string>PBXBuildFile</string>
		</dict>
		<key>A7F89E3654C94624AFB79B54</key>
		<dict>
			<key>explicitFileType</key>
			<string>archive.ar</string>
			<key>includeInIndex</key>
			<string>0</string>
			<key>isa</key>
			<string>PBXFileReference</string>
			<key>path</key>
			<string>libPods-StoreSearch.a</string>
			<key>sourceTree</key>
			<string>BUILT_PRODUCTS_DIR</string>
		</dict>
		<key>B7F4348C06C442679DFD0690</key>
		<dict>
			<key>buildActionMask</key>
			<string>2147483647</string>
			<key>files</key>
			<array/>
			<key>inputPaths</key>
			<array/>
			<key>isa</key>
			<string>PBXShellScriptBuildPhase</string>
			<key>name</key>
			<string>Copy Pods Resources</string>
			<key>outputPaths</key>
			<array/>
			<key>runOnlyForDeploymentPostprocessing</key>
			<string>0</string>
			<key>shellPath</key>
			<string>/bin/sh</string>
			<key>shellScript</key>
			<string>"${SRCROOT}/Pods/Pods-StoreSearch-resources.sh"
</string>
			<key>showEnvVarsInLog</key>
			<string>0</string>
		</dict>
		<key>D9F0066AB776445DB3B53121</key>
		<dict>
			<key>buildActionMask</key>
			<string>2147483647</string>
			<key>files</key>
			<array/>
			<key>inputPaths</key>
			<array/>
			<key>isa</key>
			<string>PBXShellScriptBuildPhase</string>
			<key>name</key>
			<string>Check Pods Manifest.lock</string>
			<key>outputPaths</key>
			<array/>
			<key>runOnlyForDeploymentPostprocessing</key>
			<string>0</string>
			<key>shellPath</key>
			<string>/bin/sh</string>
			<key>shellScript</key>
			<string>diff "${PODS_ROOT}/../Podfile.lock" "${PODS_ROOT}/Manifest.lock" &gt; /dev/null
if [[ $? != 0 ]] ; then
    cat &lt;&lt; EOM
error: The sandbox is not in sync with the Podfile.lock. Run 'pod install' or update your CocoaPods installation.
EOM
    exit 1
fi
</string>
			<key>showEnvVarsInLog</key>
			<string>0</string>
		</dict>
	</dict>
	<key>rootObject</key>
	<string>9FDC449818BDDE0F00CE2D46</string>
</dict>
</plist>
